
Microsoft Visual Studio Solution File, Format Version 12.00
# Visual Studio Version 16
VisualStudioVersion = 16.0.30804.86
MinimumVisualStudioVersion = 10.0.40219.1
Project("{FAE04EC0-301F-11D3-BF4B-00C04F79EFBC}") = "Login and Register", "Login and Register\Login and Register.csproj", "{A9A61358-1B63-46CD-885D-BC2AD901BCCA}"
EndProject
Global
	GlobalSection(SolutionConfigurationPlatforms) = preSolution
		Debug|Any CPU = Debug|Any CPU
		Release|Any CPU = Release|Any CPU
	EndGlobalSection
	GlobalSection(ProjectConfigurationPlatforms) = postSolution
		{A9A61358-1B63-46CD-885D-BC2AD901BCCA}.Debug|Any CPU.ActiveCfg = Debug|Any CPU
		{A9A61358-1B63-46CD-885D-BC2AD901BCCA}.Debug|Any CPU.Build.0 = Debug|Any CPU
		{A9A61358-1B63-46CD-885D-BC2AD901BCCA}.Release|Any CPU.ActiveCfg = Release|Any CPU
		{A9A61358-1B63-46CD-885D-BC2AD901BCCA}.Release|Any CPU.Build.0 = Release|Any CPU
	EndGlobalSection
	GlobalSection(SolutionProperties) = preSolution
		HideSolutionNode = FALSE
	EndGlobalSection
	GlobalSection(ExtensibilityGlobals) = postSolution
		SolutionGuid = {B659E593-D9B9-4621-8079-ECD2420E41F1}
	EndGlobalSection
EndGlobal
